
Microsoft Visual Studio Solution File, Format Version 12.00
# Visual Studio Version 17
VisualStudioVersion = 17.8.34408.163
MinimumVisualStudioVersion = 10.0.40219.1
Project("{9A19103F-16F7-4668-BE54-9A1E7A4F7556}") = "IGDiscord", "src\IGDiscord.csproj", "{69D4A718-F2AA-488A-A37B-9EC1362F7FF7}"
EndProject
Project("{2150E333-8FDC-42A3-9474-1A3956D46DE8}") = "src", "src", "{320E0725-46DF-48AF-909C-0897D383AB48}"
EndProject
Project("{2150E333-8FDC-42A3-9474-1A3956D46DE8}") = "Solution Items", "Solution Items", "{7E66D663-EE7C-44F5-98E5-3989CA4AC3F7}"
	ProjectSection(SolutionItems) = preProject
		.gitignore = .gitignore
		README.md = README.md
	EndProjectSection
EndProject
Global
	GlobalSection(SolutionConfigurationPlatforms) = preSolution
		Debug|Any CPU = Debug|Any CPU
		Release|Any CPU = Release|Any CPU
	EndGlobalSection
	GlobalSection(ProjectConfigurationPlatforms) = postSolution
		{69D4A718-F2AA-488A-A37B-9EC1362F7FF7}.Debug|Any CPU.ActiveCfg = Debug|Any CPU
		{69D4A718-F2AA-488A-A37B-9EC1362F7FF7}.Debug|Any CPU.Build.0 = Debug|Any CPU
		{69D4A718-F2AA-488A-A37B-9EC1362F7FF7}.Release|Any CPU.ActiveCfg = Release|Any CPU
		{69D4A718-F2AA-488A-A37B-9EC1362F7FF7}.Release|Any CPU.Build.0 = Release|Any CPU
	EndGlobalSection
	GlobalSection(SolutionProperties) = preSolution
		HideSolutionNode = FALSE
	EndGlobalSection
	GlobalSection(NestedProjects) = preSolution
		{69D4A718-F2AA-488A-A37B-9EC1362F7FF7} = {320E0725-46DF-48AF-909C-0897D383AB48}
	EndGlobalSection
	GlobalSection(ExtensibilityGlobals) = postSolution
		SolutionGuid = {097DF0F8-FB54-4F0D-8877-E47125699531}
	EndGlobalSection
EndGlobal
